// !$*UTF8*$!
{
	archiveVersion = 1;
	classes = {
	};
	objectVersion = 77;
	objects = {

/* Begin PBXContainerItemProxy section */
		66A741522DC3DE3100EAF7F3 /* PBXContainerItemProxy */ = {
			isa = PBXContainerItemProxy;
			containerPortal = 66A7413C2DC3DE2F00EAF7F3 /* Project object */;
			proxyType = 1;
			remoteGlobalIDString = 66A741432DC3DE2F00EAF7F3;
			remoteInfo = RobinhoodApp;
		};
		66A7415C2DC3DE3100EAF7F3 /* PBXContainerItemProxy */ = {
			isa = PBXContainerItemProxy;
			containerPortal = 66A7413C2DC3DE2F00EAF7F3 /* Project object */;
			proxyType = 1;
			remoteGlobalIDString = 66A741432DC3DE2F00EAF7F3;
			remoteInfo = RobinhoodApp;
		};
/* End PBXContainerItemProxy section */

/* Begin PBXFileReference section */
		66A741442DC3DE2F00EAF7F3 /* RobinhoodApp.app */ = {isa = PBXFileReference; explicitFileType = wrapper.application; includeInIndex = 0; path = RobinhoodApp.app; sourceTree = BUILT_PRODUCTS_DIR; };
		66A741512DC3DE3100EAF7F3 /* RobinhoodAppTests.xctest */ = {isa = PBXFileReference; explicitFileType = wrapper.cfbundle; includeInIndex = 0; path = RobinhoodAppTests.xctest; sourceTree = BUILT_PRODUCTS_DIR; };
		66A7415B2DC3DE3100EAF7F3 /* RobinhoodAppUITests.xctest */ = {isa = PBXFileReference; explicitFileType = wrapper.cfbundle; includeInIndex = 0; path = RobinhoodAppUITests.xctest; sourceTree = BUILT_PRODUCTS_DIR; };
/* End PBXFileReference section */

/* Begin PBXFileSystemSynchronizedRootGroup section */
		66A741462DC3DE2F00EAF7F3 /* RobinhoodApp */ = {
			isa = PBXFileSystemSynchronizedRootGroup;
			path = RobinhoodApp;
			sourceTree = "<group>";
		};
		66A741542DC3DE3100EAF7F3 /* RobinhoodAppTests */ = {
			isa = PBXFileSystemSynchronizedRootGroup;
			path = RobinhoodAppTests;
			sourceTree = "<group>";
		};
		66A7415E2DC3DE3100EAF7F3 /* RobinhoodAppUITests */ = {
			isa = PBXFileSystemSynchronizedRootGroup;
			path = RobinhoodAppUITests;
			sourceTree = "<group>";
		};
/* End PBXFileSystemSynchronizedRootGroup section */

/* Begin PBXFrameworksBuildPhase section */
		66A741412DC3DE2F00EAF7F3 /* Frameworks */ = {
			isa = PBXFrameworksBuildPhase;
			buildActionMask = 2147483647;
			files = (
			);
			runOnlyForDeploymentPostprocessing = 0;
		};
		66A7414E2DC3DE3100EAF7F3 /* Frameworks */ = {
			isa = PBXFrameworksBuildPhase;
			buildActionMask = 2147483647;
			files = (
			);
			runOnlyForDeploymentPostprocessing = 0;
		};
		66A741582DC3DE3100EAF7F3 /* Frameworks */ = {
			isa = PBXFrameworksBuildPhase;
			buildActionMask = 2147483647;
			files = (
			);
			runOnlyForDeploymentPostprocessing = 0;
		};
/* End PBXFrameworksBuildPhase section */

/* Begin PBXGroup section */
		66A7413B2DC3DE2F00EAF7F3 = {
			isa = PBXGroup;
			children = (
				66A741462DC3DE2F00EAF7F3 /* RobinhoodApp */,
				66A741542DC3DE3100EAF7F3 /* RobinhoodAppTests */,
				66A7415E2DC3DE3100EAF7F3 /* RobinhoodAppUITests */,
				66A741452DC3DE2F00EAF7F3 /* Products */,
			);
			sourceTree = "<group>";
		};
		66A741452DC3DE2F00EAF7F3 /* Products */ = {
			isa = PBXGroup;
			children = (
				66A741442DC3DE2F00EAF7F3 /* RobinhoodApp.app */,
				66A741512DC3DE3100EAF7F3 /* RobinhoodAppTests.xctest */,
				66A7415B2DC3DE3100EAF7F3 /* RobinhoodAppUITests.xctest */,
			);
			name = Products;
			sourceTree = "<group>";
		};
/* End PBXGroup section */

/* Begin PBXNativeTarget section */
		66A741432DC3DE2F00EAF7F3 /* RobinhoodApp */ = {
			isa = PBXNativeTarget;
			buildConfigurationList = 66A741652DC3DE3100EAF7F3 /* Build configuration list for PBXNativeTarget "RobinhoodApp" */;
			buildPhases = (
				66A741402DC3DE2F00EAF7F3 /* Sources */,
				66A741412DC3DE2F00EAF7F3 /* Frameworks */,
				66A741422DC3DE2F00EAF7F3 /* Resources */,
			);
			buildRules = (
			);
			dependencies = (
			);
			fileSystemSynchronizedGroups = (
				66A741462DC3DE2F00EAF7F3 /* RobinhoodApp */,
			);
			name = RobinhoodApp;
			packageProductDependencies = (
			);
			productName = RobinhoodApp;
			productReference = 66A741442DC3DE2F00EAF7F3 /* RobinhoodApp.app */;
			productType = "com.apple.product-type.application";
		};
		66A741502DC3DE3100EAF7F3 /* RobinhoodAppTests */ = {
			isa = PBXNativeTarget;
			buildConfigurationList = 66A741682DC3DE3100EAF7F3 /* Build configuration list for PBXNativeTarget "RobinhoodAppTests" */;
			buildPhases = (
				66A7414D2DC3DE3100EAF7F3 /* Sources */,
				66A7414E2DC3DE3100EAF7F3 /* Frameworks */,
				66A7414F2DC3DE3100EAF7F3 /* Resources */,
			);
			buildRules = (
			);
			dependencies = (
				66A741532DC3DE3100EAF7F3 /* PBXTargetDependency */,
			);
			fileSystemSynchronizedGroups = (
				66A741542DC3DE3100EAF7F3 /* RobinhoodAppTests */,
			);
			name = RobinhoodAppTests;
			packageProductDependencies = (
			);
			productName = RobinhoodAppTests;
			productReference = 66A741512DC3DE3100EAF7F3 /* RobinhoodAppTests.xctest */;
			productType = "com.apple.product-type.bundle.unit-test";
		};
		66A7415A2DC3DE3100EAF7F3 /* RobinhoodAppUITests */ = {
			isa = PBXNativeTarget;
			buildConfigurationList = 66A7416B2DC3DE3100EAF7F3 /* Build configuration list for PBXNativeTarget "RobinhoodAppUITests" */;
			buildPhases = (
				66A741572DC3DE3100EAF7F3 /* Sources */,
				66A741582DC3DE3100EAF7F3 /* Frameworks */,
				66A741592DC3DE3100EAF7F3 /* Resources */,
			);
			buildRules = (
			);
			dependencies = (
				66A7415D2DC3DE3100EAF7F3 /* PBXTargetDependency */,
			);
			fileSystemSynchronizedGroups = (
				66A7415E2DC3DE3100EAF7F3 /* RobinhoodAppUITests */,
			);
			name = RobinhoodAppUITests;
			packageProductDependencies = (
			);
			productName = RobinhoodAppUITests;
			productReference = 66A7415B2DC3DE3100EAF7F3 /* RobinhoodAppUITests.xctest */;
			productType = "com.apple.product-type.bundle.ui-testing";
		};
/* End PBXNativeTarget section */

/* Begin PBXProject section */
		66A7413C2DC3DE2F00EAF7F3 /* Project object */ = {
			isa = PBXProject;
			attributes = {
				BuildIndependentTargetsInParallel = 1;
				LastSwiftUpdateCheck = 1630;
				LastUpgradeCheck = 1630;
				TargetAttributes = {
					66A741432DC3DE2F00EAF7F3 = {
						CreatedOnToolsVersion = 16.3;
					};
					66A741502DC3DE3100EAF7F3 = {
						CreatedOnToolsVersion = 16.3;
						TestTargetID = 66A741432DC3DE2F00EAF7F3;
					};
					66A7415A2DC3DE3100EAF7F3 = {
						CreatedOnToolsVersion = 16.3;
						TestTargetID = 66A741432DC3DE2F00EAF7F3;
					};
				};
			};
			buildConfigurationList = 66A7413F2DC3DE2F00EAF7F3 /* Build configuration list for PBXProject "RobinhoodApp" */;
			developmentRegion = en;
			hasScannedForEncodings = 0;
			knownRegions = (
				en,
				Base,
			);
			mainGroup = 66A7413B2DC3DE2F00EAF7F3;
			minimizedProjectReferenceProxies = 1;
			preferredProjectObjectVersion = 77;
			productRefGroup = 66A741452DC3DE2F00EAF7F3 /* Products */;
			projectDirPath = "";
			projectRoot = "";
			targets = (
				66A741432DC3DE2F00EAF7F3 /* RobinhoodApp */,
				66A741502DC3DE3100EAF7F3 /* RobinhoodAppTests */,
				66A7415A2DC3DE3100EAF7F3 /* RobinhoodAppUITests */,
			);
		};
/* End PBXProject section */

/* Begin PBXResourcesBuildPhase section */
		66A741422DC3DE2F00EAF7F3 /* Resources */ = {
			isa = PBXResourcesBuildPhase;
			buildActionMask = 2147483647;
			files = (
			);
			runOnlyForDeploymentPostprocessing = 0;
		};
		66A7414F2DC3DE3100EAF7F3 /* Resources */ = {
			isa = PBXResourcesBuildPhase;
			buildActionMask = 2147483647;
			files = (
			);
			runOnlyForDeploymentPostprocessing = 0;
		};
		66A741592DC3DE3100EAF7F3 /* Resources */ = {
			isa = PBXResourcesBuildPhase;
			buildActionMask = 2147483647;
			files = (
			);
			runOnlyForDeploymentPostprocessing = 0;
		};
/* End PBXResourcesBuildPhase section */

/* Begin PBXSourcesBuildPhase section */
		66A741402DC3DE2F00EAF7F3 /* Sources */ = {
			isa = PBXSourcesBuildPhase;
			buildActionMask = 2147483647;
			files = (
			);
			runOnlyForDeploymentPostprocessing = 0;
		};
		66A7414D2DC3DE3100EAF7F3 /* Sources */ = {
			isa = PBXSourcesBuildPhase;
			buildActionMask = 2147483647;
			files = (
			);
			runOnlyForDeploymentPostprocessing = 0;
		};
		66A741572DC3DE3100EAF7F3 /* Sources */ = {
			isa = PBXSourcesBuildPhase;
			buildActionMask = 2147483647;
			files = (
			);
			runOnlyForDeploymentPostprocessing = 0;
		};
/* End PBXSourcesBuildPhase section */

/* Begin PBXTargetDependency section */
		66A741532DC3DE3100EAF7F3 /* PBXTargetDependency */ = {
			isa = PBXTargetDependency;
			target = 66A741432DC3DE2F00EAF7F3 /* RobinhoodApp */;
			targetProxy = 66A741522DC3DE3100EAF7F3 /* PBXContainerItemProxy */;
		};
		66A7415D2DC3DE3100EAF7F3 /* PBXTargetDependency */ = {
			isa = PBXTargetDependency;
			target = 66A741432DC3DE2F00EAF7F3 /* RobinhoodApp */;
			targetProxy = 66A7415C2DC3DE3100EAF7F3 /* PBXContainerItemProxy */;
		};
/* End PBXTargetDependency section */

/* Begin XCBuildConfiguration section */
		66A741632DC3DE3100EAF7F3 /* Debug */ = {
			isa = XCBuildConfiguration;
			buildSettings = {
				ALWAYS_SEARCH_USER_PATHS = NO;
				ASSETCATALOG_COMPILER_GENERATE_SWIFT_ASSET_SYMBOL_EXTENSIONS = YES;
				CLANG_ANALYZER_NONNULL = YES;
				CLANG_ANALYZER_NUMBER_OBJECT_CONVERSION = YES_AGGRESSIVE;
				CLANG_CXX_LANGUAGE_STANDARD = "gnu++20";
				CLANG_ENABLE_MODULES = YES;
				CLANG_ENABLE_OBJC_ARC = YES;
				CLANG_ENABLE_OBJC_WEAK = YES;
				CLANG_WARN_BLOCK_CAPTURE_AUTORELEASING = YES;
				CLANG_WARN_BOOL_CONVERSION = YES;
				CLANG_WARN_COMMA = YES;
				CLANG_WARN_CONSTANT_CONVERSION = YES;
				CLANG_WARN_DEPRECATED_OBJC_IMPLEMENTATIONS = YES;
				CLANG_WARN_DIRECT_OBJC_ISA_USAGE = YES_ERROR;
				CLANG_WARN_DOCUMENTATION_COMMENTS = YES;
				CLANG_WARN_EMPTY_BODY = YES;
				CLANG_WARN_ENUM_CONVERSION = YES;
				CLANG_WARN_INFINITE_RECURSION = YES;
				CLANG_WARN_INT_CONVERSION = YES;
				CLANG_WARN_NON_LITERAL_NULL_CONVERSION = YES;
				CLANG_WARN_OBJC_IMPLICIT_RETAIN_SELF = YES;
				CLANG_WARN_OBJC_LITERAL_CONVERSION = YES;
				CLANG_WARN_OBJC_ROOT_CLASS = YES_ERROR;
				CLANG_WARN_QUOTED_INCLUDE_IN_FRAMEWORK_HEADER = YES;
				CLANG_WARN_RANGE_LOOP_ANALYSIS = YES;
				CLANG_WARN_STRICT_PROTOTYPES = YES;
				CLANG_WARN_SUSPICIOUS_MOVE = YES;
				CLANG_WARN_UNGUARDED_AVAILABILITY = YES_AGGRESSIVE;
				CLANG_WARN_UNREACHABLE_CODE = YES;
				CLANG_WARN__DUPLICATE_METHOD_MATCH = YES;
				COPY_PHASE_STRIP = NO;
				DEBUG_INFORMATION_FORMAT = dwarf;
				DEVELOPMENT_TEAM = 6VN2526N3R;
				ENABLE_STRICT_OBJC_MSGSEND = YES;
				ENABLE_TESTABILITY = YES;
				ENABLE_USER_SCRIPT_SANDBOXING = YES;
				GCC_C_LANGUAGE_STANDARD = gnu17;
				GCC_DYNAMIC_NO_PIC = NO;
				GCC_NO_COMMON_BLOCKS = YES;
				GCC_OPTIMIZATION_LEVEL = 0;
				GCC_PREPROCESSOR_DEFINITIONS = (
					"DEBUG=1",
					"$(inherited)",
				);
				GCC_WARN_64_TO_32_BIT_CONVERSION = YES;
				GCC_WARN_ABOUT_RETURN_TYPE = YES_ERROR;
				GCC_WARN_UNDECLARED_SELECTOR = YES;
				GCC_WARN_UNINITIALIZED_AUTOS = YES_AGGRESSIVE;
				GCC_WARN_UNUSED_FUNCTION = YES;
				GCC_WARN_UNUSED_VARIABLE = YES;
				IPHONEOS_DEPLOYMENT_TARGET = 18.4;
				LOCALIZATION_PREFERS_STRING_CATALOGS = YES;
				MTL_ENABLE_DEBUG_INFO = INCLUDE_SOURCE;
				MTL_FAST_MATH = YES;
				ONLY_ACTIVE_ARCH = YES;
				SDKROOT = iphoneos;
				SWIFT_ACTIVE_COMPILATION_CONDITIONS = "DEBUG $(inherited)";
				SWIFT_OPTIMIZATION_LEVEL = "-Onone";
			};
			name = Debug;
		};
		66A741642DC3DE3100EAF7F3 /* Release */ = {
			isa = XCBuildConfiguration;
			buildSettings = {
				ALWAYS_SEARCH_USER_PATHS = NO;
				ASSETCATALOG_COMPILER_GENERATE_SWIFT_ASSET_SYMBOL_EXTENSIONS = YES;
				CLANG_ANALYZER_NONNULL = YES;
				CLANG_ANALYZER_NUMBER_OBJECT_CONVERSION = YES_AGGRESSIVE;
				CLANG_CXX_LANGUAGE_STANDARD = "gnu++20";
				CLANG_ENABLE_MODULES = YES;
				CLANG_ENABLE_OBJC_ARC = YES;
				CLANG_ENABLE_OBJC_WEAK = YES;
				CLANG_WARN_BLOCK_CAPTURE_AUTORELEASING = YES;
				CLANG_WARN_BOOL_CONVERSION = YES;
				CLANG_WARN_COMMA = YES;
				CLANG_WARN_CONSTANT_CONVERSION = YES;
				CLANG_WARN_DEPRECATED_OBJC_IMPLEMENTATIONS = YES;
				CLANG_WARN_DIRECT_OBJC_ISA_USAGE = YES_ERROR;
				CLANG_WARN_DOCUMENTATION_COMMENTS = YES;
				CLANG_WARN_EMPTY_BODY = YES;
				CLANG_WARN_ENUM_CONVERSION = YES;
				CLANG_WARN_INFINITE_RECURSION = YES;
				CLANG_WARN_INT_CONVERSION = YES;
				CLANG_WARN_NON_LITERAL_NULL_CONVERSION = YES;
				CLANG_WARN_OBJC_IMPLICIT_RETAIN_SELF = YES;
				CLANG_WARN_OBJC_LITERAL_CONVERSION = YES;
				CLANG_WARN_OBJC_ROOT_CLASS = YES_ERROR;
				CLANG_WARN_QUOTED_INCLUDE_IN_FRAMEWORK_HEADER = YES;
				CLANG_WARN_RANGE_LOOP_ANALYSIS = YES;
				CLANG_WARN_STRICT_PROTOTYPES = YES;
				CLANG_WARN_SUSPICIOUS_MOVE = YES;
				CLANG_WARN_UNGUARDED_AVAILABILITY = YES_AGGRESSIVE;
				CLANG_WARN_UNREACHABLE_CODE = YES;
				CLANG_WARN__DUPLICATE_METHOD_MATCH = YES;
				COPY_PHASE_STRIP = NO;
				DEBUG_INFORMATION_FORMAT = "dwarf-with-dsym";
				DEVELOPMENT_TEAM = 6VN2526N3R;
				ENABLE_NS_ASSERTIONS = NO;
				ENABLE_STRICT_OBJC_MSGSEND = YES;
				ENABLE_USER_SCRIPT_SANDBOXING = YES;
				GCC_C_LANGUAGE_STANDARD = gnu17;
				GCC_NO_COMMON_BLOCKS = YES;
				GCC_WARN_64_TO_32_BIT_CONVERSION = YES;
				GCC_WARN_ABOUT_RETURN_TYPE = YES_ERROR;
				GCC_WARN_UNDECLARED_SELECTOR = YES;
				GCC_WARN_UNINITIALIZED_AUTOS = YES_AGGRESSIVE;
				GCC_WARN_UNUSED_FUNCTION = YES;
				GCC_WARN_UNUSED_VARIABLE = YES;
				IPHONEOS_DEPLOYMENT_TARGET = 18.4;
				LOCALIZATION_PREFERS_STRING_CATALOGS = YES;
				MTL_ENABLE_DEBUG_INFO = NO;
				MTL_FAST_MATH = YES;
				SDKROOT = iphoneos;
				SWIFT_COMPILATION_MODE = wholemodule;
				VALIDATE_PRODUCT = YES;
			};
			name = Release;
		};
		66A741662DC3DE3100EAF7F3 /* Debug */ = {
			isa = XCBuildConfiguration;
			buildSettings = {
				ASSETCATALOG_COMPILER_APPICON_NAME = AppIcon;
				ASSETCATALOG_COMPILER_GLOBAL_ACCENT_COLOR_NAME = AccentColor;
				CODE_SIGN_STYLE = Automatic;
				CURRENT_PROJECT_VERSION = 1;
				DEVELOPMENT_TEAM = 6VN2526N3R;
				ENABLE_PREVIEWS = YES;
				GENERATE_INFOPLIST_FILE = YES;
				INFOPLIST_KEY_UIApplicationSceneManifest_Generation = YES;
				INFOPLIST_KEY_UIApplicationSupportsIndirectInputEvents = YES;
				INFOPLIST_KEY_UILaunchScreen_Generation = YES;
				INFOPLIST_KEY_UISupportedInterfaceOrientations_iPad = "UIInterfaceOrientationPortrait UIInterfaceOrientationPortraitUpsideDown UIInterfaceOrientationLandscapeLeft UIInterfaceOrientationLandscapeRight";
				INFOPLIST_KEY_UISupportedInterfaceOrientations_iPhone = "UIInterfaceOrientationPortrait UIInterfaceOrientationLandscapeLeft UIInterfaceOrientationLandscapeRight";
				LD_RUNPATH_SEARCH_PATHS = (
					"$(inherited)",
					"@executable_path/Frameworks",
				);
				MARKETING_VERSION = 1.0;
				PRODUCT_BUNDLE_IDENTIFIER = "-bhu1Chavala.RobinhoodApp";
				PRODUCT_NAME = "$(TARGET_NAME)";
				SWIFT_EMIT_LOC_STRINGS = YES;
				SWIFT_VERSION = 5.0;
				TARGETED_DEVICE_FAMILY = "1,2";
			};
			name = Debug;
		};
		66A741672DC3DE3100EAF7F3 /* Release */ = {
			isa = XCBuildConfiguration;
			buildSettings = {
				ASSETCATALOG_COMPILER_APPICON_NAME = AppIcon;
				ASSETCATALOG_COMPILER_GLOBAL_ACCENT_COLOR_NAME = AccentColor;
				CODE_SIGN_STYLE = Automatic;
				CURRENT_PROJECT_VERSION = 1;
				DEVELOPMENT_TEAM = 6VN2526N3R;
				ENABLE_PREVIEWS = YES;
				GENERATE_INFOPLIST_FILE = YES;
				INFOPLIST_KEY_UIApplicationSceneManifest_Generation = YES;
				INFOPLIST_KEY_UIApplicationSupportsIndirectInputEvents = YES;
				INFOPLIST_KEY_UILaunchScreen_Generation = YES;
				INFOPLIST_KEY_UISupportedInterfaceOrientations_iPad = "UIInterfaceOrientationPortrait UIInterfaceOrientationPortraitUpsideDown UIInterfaceOrientationLandscapeLeft UIInterfaceOrientationLandscapeRight";
				INFOPLIST_KEY_UISupportedInterfaceOrientations_iPhone = "UIInterfaceOrientationPortrait UIInterfaceOrientationLandscapeLeft UIInterfaceOrientationLandscapeRight";
				LD_RUNPATH_SEARCH_PATHS = (
					"$(inherited)",
					"@executable_path/Frameworks",
				);
				MARKETING_VERSION = 1.0;
				PRODUCT_BUNDLE_IDENTIFIER = "-bhu1Chavala.RobinhoodApp";
				PRODUCT_NAME = "$(TARGET_NAME)";
				SWIFT_EMIT_LOC_STRINGS = YES;
				SWIFT_VERSION = 5.0;
				TARGETED_DEVICE_FAMILY = "1,2";
			};
			name = Release;
		};
		66A741692DC3DE3100EAF7F3 /* Debug */ = {
			isa = XCBuildConfiguration;
			buildSettings = {
				BUNDLE_LOADER = "$(TEST_HOST)";
				CODE_SIGN_STYLE = Automatic;
				CURRENT_PROJECT_VERSION = 1;
				DEVELOPMENT_TEAM = 6VN2526N3R;
				GENERATE_INFOPLIST_FILE = YES;
				IPHONEOS_DEPLOYMENT_TARGET = 18.4;
				MARKETING_VERSION = 1.0;
				PRODUCT_BUNDLE_IDENTIFIER = "-bhu1Chavala.RobinhoodAppTests";
				PRODUCT_NAME = "$(TARGET_NAME)";
				SWIFT_EMIT_LOC_STRINGS = NO;
				SWIFT_VERSION = 5.0;
				TARGETED_DEVICE_FAMILY = "1,2";
				TEST_HOST = "$(BUILT_PRODUCTS_DIR)/RobinhoodApp.app/$(BUNDLE_EXECUTABLE_FOLDER_PATH)/RobinhoodApp";
			};
			name = Debug;
		};
		66A7416A2DC3DE3100EAF7F3 /* Release */ = {
			isa = XCBuildConfiguration;
			buildSettings = {
				BUNDLE_LOADER = "$(TEST_HOST)";
				CODE_SIGN_STYLE = Automatic;
				CURRENT_PROJECT_VERSION = 1;
				DEVELOPMENT_TEAM = 6VN2526N3R;
				GENERATE_INFOPLIST_FILE = YES;
				IPHONEOS_DEPLOYMENT_TARGET = 18.4;
				MARKETING_VERSION = 1.0;
				PRODUCT_BUNDLE_IDENTIFIER = "-bhu1Chavala.RobinhoodAppTests";
				PRODUCT_NAME = "$(TARGET_NAME)";
				SWIFT_EMIT_LOC_STRINGS = NO;
				SWIFT_VERSION = 5.0;
				TARGETED_DEVICE_FAMILY = "1,2";
				TEST_HOST = "$(BUILT_PRODUCTS_DIR)/RobinhoodApp.app/$(BUNDLE_EXECUTABLE_FOLDER_PATH)/RobinhoodApp";
			};
			name = Release;
		};
		66A7416C2DC3DE3100EAF7F3 /* Debug */ = {
			isa = XCBuildConfiguration;
			buildSettings = {
				CODE_SIGN_STYLE = Automatic;
				CURRENT_PROJECT_VERSION = 1;
				DEVELOPMENT_TEAM = 6VN2526N3R;
				GENERATE_INFOPLIST_FILE = YES;
				MARKETING_VERSION = 1.0;
				PRODUCT_BUNDLE_IDENTIFIER = "-bhu1Chavala.RobinhoodAppUITests";
				PRODUCT_NAME = "$(TARGET_NAME)";
				SWIFT_EMIT_LOC_STRINGS = NO;
				SWIFT_VERSION = 5.0;
				TARGETED_DEVICE_FAMILY = "1,2";
				TEST_TARGET_NAME = RobinhoodApp;
			};
			name = Debug;
		};
		66A7416D2DC3DE3100EAF7F3 /* Release */ = {
			isa = XCBuildConfiguration;
			buildSettings = {
				CODE_SIGN_STYLE = Automatic;
				CURRENT_PROJECT_VERSION = 1;
				DEVELOPMENT_TEAM = 6VN2526N3R;
				GENERATE_INFOPLIST_FILE = YES;
				MARKETING_VERSION = 1.0;
				PRODUCT_BUNDLE_IDENTIFIER = "-bhu1Chavala.RobinhoodAppUITests";
				PRODUCT_NAME = "$(TARGET_NAME)";
				SWIFT_EMIT_LOC_STRINGS = NO;
				SWIFT_VERSION = 5.0;
				TARGETED_DEVICE_FAMILY = "1,2";
				TEST_TARGET_NAME = RobinhoodApp;
			};
			name = Release;
		};
/* End XCBuildConfiguration section */

/* Begin XCConfigurationList section */
		66A7413F2DC3DE2F00EAF7F3 /* Build configuration list for PBXProject "RobinhoodApp" */ = {
			isa = XCConfigurationList;
			buildConfigurations = (
				66A741632DC3DE3100EAF7F3 /* Debug */,
				66A741642DC3DE3100EAF7F3 /* Release */,
			);
			defaultConfigurationIsVisible = 0;
			defaultConfigurationName = Release;
		};
		66A741652DC3DE3100EAF7F3 /* Build configuration list for PBXNativeTarget "RobinhoodApp" */ = {
			isa = XCConfigurationList;
			buildConfigurations = (
				66A741662DC3DE3100EAF7F3 /* Debug */,
				66A741672DC3DE3100EAF7F3 /* Release */,
			);
			defaultConfigurationIsVisible = 0;
			defaultConfigurationName = Release;
		};
		66A741682DC3DE3100EAF7F3 /* Build configuration list for PBXNativeTarget "RobinhoodAppTests" */ = {
			isa = XCConfigurationList;
			buildConfigurations = (
				66A741692DC3DE3100EAF7F3 /* Debug */,
				66A7416A2DC3DE3100EAF7F3 /* Release */,
			);
			defaultConfigurationIsVisible = 0;
			defaultConfigurationName = Release;
		};
		66A7416B2DC3DE3100EAF7F3 /* Build configuration list for PBXNativeTarget "RobinhoodAppUITests" */ = {
			isa = XCConfigurationList;
			buildConfigurations = (
				66A7416C2DC3DE3100EAF7F3 /* Debug */,
				66A7416D2DC3DE3100EAF7F3 /* Release */,
			);
			defaultConfigurationIsVisible = 0;
			defaultConfigurationName = Release;
		};
/* End XCConfigurationList section */
	};
	rootObject = 66A7413C2DC3DE2F00EAF7F3 /* Project object */;
}
